// !$*UTF8*$!
{
	archiveVersion = 1;
	classes = {
	};
	objectVersion = 46;
	objects = {

/* Begin PBXBuildFile section */
		55531CF11EF1FE170077D60A /* AppDelegate.swift in Sources */ = {isa = PBXBuildFile; fileRef = 55531CF01EF1FE170077D60A /* AppDelegate.swift */; };
		55531CF31EF1FE170077D60A /* MainViewController.swift in Sources */ = {isa = PBXBuildFile; fileRef = 55531CF21EF1FE170077D60A /* MainViewController.swift */; };
		55531CF61EF1FE170077D60A /* Main.storyboard in Resources */ = {isa = PBXBuildFile; fileRef = 55531CF41EF1FE170077D60A /* Main.storyboard */; };
		55531CF81EF1FE170077D60A /* Assets.xcassets in Resources */ = {isa = PBXBuildFile; fileRef = 55531CF71EF1FE170077D60A /* Assets.xcassets */; };
		55531CFB1EF1FE170077D60A /* LaunchScreen.storyboard in Resources */ = {isa = PBXBuildFile; fileRef = 55531CF91EF1FE170077D60A /* LaunchScreen.storyboard */; };
		55531D031EF209E60077D60A /* MarvelCell.swift in Sources */ = {isa = PBXBuildFile; fileRef = 55531D021EF209E60077D60A /* MarvelCell.swift */; };
		55531D051EF20CD00077D60A /* Extension.swift in Sources */ = {isa = PBXBuildFile; fileRef = 55531D041EF20CD00077D60A /* Extension.swift */; };
		55531D071EF20DC10077D60A /* Hero.swift in Sources */ = {isa = PBXBuildFile; fileRef = 55531D061EF20DC10077D60A /* Hero.swift */; };
		55531D091EF20EEF0077D60A /* Heroes.swift in Sources */ = {isa = PBXBuildFile; fileRef = 55531D081EF20EEF0077D60A /* Heroes.swift */; };
		55531D0B1EF211010077D60A /* HeroDetail.swift in Sources */ = {isa = PBXBuildFile; fileRef = 55531D0A1EF211010077D60A /* HeroDetail.swift */; };
/* End PBXBuildFile section */

/* Begin PBXFileReference section */
		55531CED1EF1FE170077D60A /* Marvel-app.app */ = {isa = PBXFileReference; explicitFileType = wrapper.application; includeInIndex = 0; path = "Marvel-app.app"; sourceTree = BUILT_PRODUCTS_DIR; };
		55531CF01EF1FE170077D60A /* AppDelegate.swift */ = {isa = PBXFileReference; lastKnownFileType = sourcecode.swift; path = AppDelegate.swift; sourceTree = "<group>"; };
		55531CF21EF1FE170077D60A /* MainViewController.swift */ = {isa = PBXFileReference; lastKnownFileType = sourcecode.swift; path = MainViewController.swift; sourceTree = "<group>"; };
		55531CF51EF1FE170077D60A /* Base */ = {isa = PBXFileReference; lastKnownFileType = file.storyboard; name = Base; path = Base.lproj/Main.storyboard; sourceTree = "<group>"; };
		55531CF71EF1FE170077D60A /* Assets.xcassets */ = {isa = PBXFileReference; lastKnownFileType = folder.assetcatalog; path = Assets.xcassets; sourceTree = "<group>"; };
		55531CFA1EF1FE170077D60A /* Base */ = {isa = PBXFileReference; lastKnownFileType = file.storyboard; name = Base; path = Base.lproj/LaunchScreen.storyboard; sourceTree = "<group>"; };
		55531CFC1EF1FE170077D60A /* Info.plist */ = {isa = PBXFileReference; lastKnownFileType = text.plist.xml; path = Info.plist; sourceTree = "<group>"; };
		55531D021EF209E60077D60A /* MarvelCell.swift */ = {isa = PBXFileReference; fileEncoding = 4; lastKnownFileType = sourcecode.swift; path = MarvelCell.swift; sourceTree = "<group>"; };
		55531D041EF20CD00077D60A /* Extension.swift */ = {isa = PBXFileReference; fileEncoding = 4; lastKnownFileType = sourcecode.swift; path = Extension.swift; sourceTree = "<group>"; };
		55531D061EF20DC10077D60A /* Hero.swift */ = {isa = PBXFileReference; fileEncoding = 4; lastKnownFileType = sourcecode.swift; path = Hero.swift; sourceTree = "<group>"; };
		55531D081EF20EEF0077D60A /* Heroes.swift */ = {isa = PBXFileReference; fileEncoding = 4; lastKnownFileType = sourcecode.swift; path = Heroes.swift; sourceTree = "<group>"; };
		55531D0A1EF211010077D60A /* HeroDetail.swift */ = {isa = PBXFileReference; fileEncoding = 4; lastKnownFileType = sourcecode.swift; path = HeroDetail.swift; sourceTree = "<group>"; };
/* End PBXFileReference section */

/* Begin PBXFrameworksBuildPhase section */
		55531CEA1EF1FE170077D60A /* Frameworks */ = {
			isa = PBXFrameworksBuildPhase;
			buildActionMask = 2147483647;
			files = (
			);
			runOnlyForDeploymentPostprocessing = 0;
		};
/* End PBXFrameworksBuildPhase section */

/* Begin PBXGroup section */
		55531CE41EF1FE170077D60A = {
			isa = PBXGroup;
			children = (
				55531CEF1EF1FE170077D60A /* Marvel-app */,
				55531CEE1EF1FE170077D60A /* Products */,
			);
			sourceTree = "<group>";
		};
		55531CEE1EF1FE170077D60A /* Products */ = {
			isa = PBXGroup;
			children = (
				55531CED1EF1FE170077D60A /* Marvel-app.app */,
			);
			name = Products;
			sourceTree = "<group>";
		};
		55531CEF1EF1FE170077D60A /* Marvel-app */ = {
			isa = PBXGroup;
			children = (
				55531CF01EF1FE170077D60A /* AppDelegate.swift */,
				55531CF21EF1FE170077D60A /* MainViewController.swift */,
				55531CF41EF1FE170077D60A /* Main.storyboard */,
				55531D021EF209E60077D60A /* MarvelCell.swift */,
				55531D041EF20CD00077D60A /* Extension.swift */,
				55531D061EF20DC10077D60A /* Hero.swift */,
				55531D0A1EF211010077D60A /* HeroDetail.swift */,
				55531D081EF20EEF0077D60A /* Heroes.swift */,
				55531CF71EF1FE170077D60A /* Assets.xcassets */,
				55531CF91EF1FE170077D60A /* LaunchScreen.storyboard */,
				55531CFC1EF1FE170077D60A /* Info.plist */,
			);
			path = "Marvel-app";
			sourceTree = "<group>";
		};
/* End PBXGroup section */

/* Begin PBXNativeTarget section */
		55531CEC1EF1FE170077D60A /* Marvel-app */ = {
			isa = PBXNativeTarget;
			buildConfigurationList = 55531CFF1EF1FE170077D60A /* Build configuration list for PBXNativeTarget "Marvel-app" */;
			buildPhases = (
				55531CE91EF1FE170077D60A /* Sources */,
				55531CEA1EF1FE170077D60A /* Frameworks */,
				55531CEB1EF1FE170077D60A /* Resources */,
			);
			buildRules = (
			);
			dependencies = (
			);
			name = "Marvel-app";
			productName = "Marvel-app";
			productReference = 55531CED1EF1FE170077D60A /* Marvel-app.app */;
			productType = "com.apple.product-type.application";
		};
/* End PBXNativeTarget section */

/* Begin PBXProject section */
		55531CE51EF1FE170077D60A /* Project object */ = {
			isa = PBXProject;
			attributes = {
				LastSwiftUpdateCheck = 0830;
				LastUpgradeCheck = 0830;
				ORGANIZATIONNAME = "Fernando Augusto de Marins";
				TargetAttributes = {
					55531CEC1EF1FE170077D60A = {
						CreatedOnToolsVersion = 8.3;
						DevelopmentTeam = C8ULV38G2Z;
						ProvisioningStyle = Automatic;
					};
				};
			};
			buildConfigurationList = 55531CE81EF1FE170077D60A /* Build configuration list for PBXProject "Marvel-app" */;
			compatibilityVersion = "Xcode 3.2";
			developmentRegion = English;
			hasScannedForEncodings = 0;
			knownRegions = (
				en,
				Base,
			);
			mainGroup = 55531CE41EF1FE170077D60A;
			productRefGroup = 55531CEE1EF1FE170077D60A /* Products */;
			projectDirPath = "";
			projectRoot = "";
			targets = (
				55531CEC1EF1FE170077D60A /* Marvel-app */,
			);
		};
/* End PBXProject section */

/* Begin PBXResourcesBuildPhase section */
		55531CEB1EF1FE170077D60A /* Resources */ = {
			isa = PBXResourcesBuildPhase;
			buildActionMask = 2147483647;
			files = (
				55531CFB1EF1FE170077D60A /* LaunchScreen.storyboard in Resources */,
				55531CF81EF1FE170077D60A /* Assets.xcassets in Resources */,
				55531CF61EF1FE170077D60A /* Main.storyboard in Resources */,
			);
			runOnlyForDeploymentPostprocessing = 0;
		};
/* End PBXResourcesBuildPhase section */

/* Begin PBXSourcesBuildPhase section */
		55531CE91EF1FE170077D60A /* Sources */ = {
			isa = PBXSourcesBuildPhase;
			buildActionMask = 2147483647;
			files = (
				55531D071EF20DC10077D60A /* Hero.swift in Sources */,
				55531CF31EF1FE170077D60A /* MainViewController.swift in Sources */,
				55531CF11EF1FE170077D60A /* AppDelegate.swift in Sources */,
				55531D091EF20EEF0077D60A /* Heroes.swift in Sources */,
				55531D031EF209E60077D60A /* MarvelCell.swift in Sources */,
				55531D051EF20CD00077D60A /* Extension.swift in Sources */,
				55531D0B1EF211010077D60A /* HeroDetail.swift in Sources */,
			);
			runOnlyForDeploymentPostprocessing = 0;
		};
/* End PBXSourcesBuildPhase section */

/* Begin PBXVariantGroup section */
		55531CF41EF1FE170077D60A /* Main.storyboard */ = {
			isa = PBXVariantGroup;
			children = (
				55531CF51EF1FE170077D60A /* Base */,
			);
			name = Main.storyboard;
			sourceTree = "<group>";
		};
		55531CF91EF1FE170077D60A /* LaunchScreen.storyboard */ = {
			isa = PBXVariantGroup;
			children = (
				55531CFA1EF1FE170077D60A /* Base */,
			);
			name = LaunchScreen.storyboard;
			sourceTree = "<group>";
		};
/* End PBXVariantGroup section */

/* Begin XCBuildConfiguration section */
		55531CFD1EF1FE170077D60A /* Debug */ = {
			isa = XCBuildConfiguration;
			buildSettings = {
				ALWAYS_SEARCH_USER_PATHS = NO;
				CLANG_ANALYZER_NONNULL = YES;
				CLANG_ANALYZER_NUMBER_OBJECT_CONVERSION = YES_AGGRESSIVE;
				CLANG_CXX_LANGUAGE_STANDARD = "gnu++0x";
				CLANG_CXX_LIBRARY = "libc++";
				CLANG_ENABLE_MODULES = YES;
				CLANG_ENABLE_OBJC_ARC = YES;
				CLANG_WARN_BOOL_CONVERSION = YES;
				CLANG_WARN_CONSTANT_CONVERSION = YES;
				CLANG_WARN_DIRECT_OBJC_ISA_USAGE = YES_ERROR;
				CLANG_WARN_DOCUMENTATION_COMMENTS = YES;
				CLANG_WARN_EMPTY_BODY = YES;
				CLANG_WARN_ENUM_CONVERSION = YES;
				CLANG_WARN_INFINITE_RECURSION = YES;
				CLANG_WARN_INT_CONVERSION = YES;
				CLANG_WARN_OBJC_ROOT_CLASS = YES_ERROR;
				CLANG_WARN_SUSPICIOUS_MOVE = YES;
				CLANG_WARN_UNREACHABLE_CODE = YES;
				CLANG_WARN__DUPLICATE_METHOD_MATCH = YES;
				"CODE_SIGN_IDENTITY[sdk=iphoneos*]" = "iPhone Developer";
				COPY_PHASE_STRIP = NO;
				DEBUG_INFORMATION_FORMAT = dwarf;
				ENABLE_STRICT_OBJC_MSGSEND = YES;
				ENABLE_TESTABILITY = YES;
				GCC_C_LANGUAGE_STANDARD = gnu99;
				GCC_DYNAMIC_NO_PIC = NO;
				GCC_NO_COMMON_BLOCKS = YES;
				GCC_OPTIMIZATION_LEVEL = 0;
				GCC_PREPROCESSOR_DEFINITIONS = (
					"DEBUG=1",
					"$(inherited)",
				);
				GCC_WARN_64_TO_32_BIT_CONVERSION = YES;
				GCC_WARN_ABOUT_RETURN_TYPE = YES_ERROR;
				GCC_WARN_UNDECLARED_SELECTOR = YES;
				GCC_WARN_UNINITIALIZED_AUTOS = YES_AGGRESSIVE;
				GCC_WARN_UNUSED_FUNCTION = YES;
				GCC_WARN_UNUSED_VARIABLE = YES;
				IPHONEOS_DEPLOYMENT_TARGET = 10.3;
				MTL_ENABLE_DEBUG_INFO = YES;
				ONLY_ACTIVE_ARCH = YES;
				SDKROOT = iphoneos;
				SWIFT_ACTIVE_COMPILATION_CONDITIONS = DEBUG;
				SWIFT_OPTIMIZATION_LEVEL = "-Onone";
			};
			name = Debug;
		};
		55531CFE1EF1FE170077D60A /* Release */ = {
			isa = XCBuildConfiguration;
			buildSettings = {
				ALWAYS_SEARCH_USER_PATHS = NO;
				CLANG_ANALYZER_NONNULL = YES;
				CLANG_ANALYZER_NUMBER_OBJECT_CONVERSION = YES_AGGRESSIVE;
				CLANG_CXX_LANGUAGE_STANDARD = "gnu++0x";
				CLANG_CXX_LIBRARY = "libc++";
				CLANG_ENABLE_MODULES = YES;
				CLANG_ENABLE_OBJC_ARC = YES;
				CLANG_WARN_BOOL_CONVERSION = YES;
				CLANG_WARN_CONSTANT_CONVERSION = YES;
				CLANG_WARN_DIRECT_OBJC_ISA_USAGE = YES_ERROR;
				CLANG_WARN_DOCUMENTATION_COMMENTS = YES;
				CLANG_WARN_EMPTY_BODY = YES;
				CLANG_WARN_ENUM_CONVERSION = YES;
				CLANG_WARN_INFINITE_RECURSION = YES;
				CLANG_WARN_INT_CONVERSION = YES;
				CLANG_WARN_OBJC_ROOT_CLASS = YES_ERROR;
				CLANG_WARN_SUSPICIOUS_MOVE = YES;
				CLANG_WARN_UNREACHABLE_CODE = YES;
				CLANG_WARN__DUPLICATE_METHOD_MATCH = YES;
				"CODE_SIGN_IDENTITY[sdk=iphoneos*]" = "iPhone Developer";
				COPY_PHASE_STRIP = NO;
				DEBUG_INFORMATION_FORMAT = "dwarf-with-dsym";
				ENABLE_NS_ASSERTIONS = NO;
				ENABLE_STRICT_OBJC_MSGSEND = YES;
				GCC_C_LANGUAGE_STANDARD = gnu99;
				GCC_NO_COMMON_BLOCKS = YES;
				GCC_WARN_64_TO_32_BIT_CONVERSION = YES;
				GCC_WARN_ABOUT_RETURN_TYPE = YES_ERROR;
				GCC_WARN_UNDECLARED_SELECTOR = YES;
				GCC_WARN_UNINITIALIZED_AUTOS = YES_AGGRESSIVE;
				GCC_WARN_UNUSED_FUNCTION = YES;
				GCC_WARN_UNUSED_VARIABLE = YES;
				IPHONEOS_DEPLOYMENT_TARGET = 10.3;
				MTL_ENABLE_DEBUG_INFO = NO;
				SDKROOT = iphoneos;
				SWIFT_OPTIMIZATION_LEVEL = "-Owholemodule";
				VALIDATE_PRODUCT = YES;
			};
			name = Release;
		};
		55531D001EF1FE170077D60A /* Debug */ = {
			isa = XCBuildConfiguration;
			buildSettings = {
				ASSETCATALOG_COMPILER_APPICON_NAME = AppIcon;
				DEVELOPMENT_TEAM = C8ULV38G2Z;
				INFOPLIST_FILE = "Marvel-app/Info.plist";
				LD_RUNPATH_SEARCH_PATHS = "$(inherited) @executable_path/Frameworks";
				PRODUCT_BUNDLE_IDENTIFIER = "FM.Marvel-app";
				PRODUCT_NAME = "$(TARGET_NAME)";
				SWIFT_VERSION = 3.0;
			};
			name = Debug;
		};
		55531D011EF1FE170077D60A /* Release */ = {
			isa = XCBuildConfiguration;
			buildSettings = {
				ASSETCATALOG_COMPILER_APPICON_NAME = AppIcon;
				DEVELOPMENT_TEAM = C8ULV38G2Z;
				INFOPLIST_FILE = "Marvel-app/Info.plist";
				LD_RUNPATH_SEARCH_PATHS = "$(inherited) @executable_path/Frameworks";
				PRODUCT_BUNDLE_IDENTIFIER = "FM.Marvel-app";
				PRODUCT_NAME = "$(TARGET_NAME)";
				SWIFT_VERSION = 3.0;
			};
			name = Release;
		};
/* End XCBuildConfiguration section */

/* Begin XCConfigurationList section */
		55531CE81EF1FE170077D60A /* Build configuration list for PBXProject "Marvel-app" */ = {
			isa = XCConfigurationList;
			buildConfigurations = (
				55531CFD1EF1FE170077D60A /* Debug */,
				55531CFE1EF1FE170077D60A /* Release */,
			);
			defaultConfigurationIsVisible = 0;
			defaultConfigurationName = Release;
		};
		55531CFF1EF1FE170077D60A /* Build configuration list for PBXNativeTarget "Marvel-app" */ = {
			isa = XCConfigurationList;
			buildConfigurations = (
				55531D001EF1FE170077D60A /* Debug */,
				55531D011EF1FE170077D60A /* Release */,
			);
			defaultConfigurationIsVisible = 0;
		};
/* End XCConfigurationList section */
	};
	rootObject = 55531CE51EF1FE170077D60A /* Project object */;
}
